
Microsoft Visual Studio Solution File, Format Version 12.00
# Visual Studio Version 16
VisualStudioVersion = 16.0.31112.23
MinimumVisualStudioVersion = 10.0.40219.1
Project("{FAE04EC0-301F-11D3-BF4B-00C04F79EFBC}") = "AudenTestProject", "AudenTestProject\AudenTestProject.csproj", "{35CF82F5-3980-4891-B76B-037676217A03}"
EndProject
Global
	GlobalSection(SolutionConfigurationPlatforms) = preSolution
		Debug|Any CPU = Debug|Any CPU
		Release|Any CPU = Release|Any CPU
	EndGlobalSection
	GlobalSection(ProjectConfigurationPlatforms) = postSolution
		{35CF82F5-3980-4891-B76B-037676217A03}.Debug|Any CPU.ActiveCfg = Debug|Any CPU
		{35CF82F5-3980-4891-B76B-037676217A03}.Debug|Any CPU.Build.0 = Debug|Any CPU
		{35CF82F5-3980-4891-B76B-037676217A03}.Release|Any CPU.ActiveCfg = Release|Any CPU
		{35CF82F5-3980-4891-B76B-037676217A03}.Release|Any CPU.Build.0 = Release|Any CPU
	EndGlobalSection
	GlobalSection(SolutionProperties) = preSolution
		HideSolutionNode = FALSE
	EndGlobalSection
	GlobalSection(ExtensibilityGlobals) = postSolution
		SolutionGuid = {CAEA0745-F994-4BB5-A0D5-6DC1D058B874}
	EndGlobalSection
EndGlobal
